// !$*UTF8*$!
{
	archiveVersion = 1;
	classes = {
	};
	objectVersion = 50;
	objects = {

/* Begin PBXBuildFile section */
		1870F89A22DCE411006D312C /* AppDelegate.swift in Sources */ = {isa = PBXBuildFile; fileRef = 1870F89922DCE411006D312C /* AppDelegate.swift */; };
		1870F89C22DCE411006D312C /* ViewController.swift in Sources */ = {isa = PBXBuildFile; fileRef = 1870F89B22DCE411006D312C /* ViewController.swift */; };
		1870F89F22DCE411006D312C /* Main.storyboard in Resources */ = {isa = PBXBuildFile; fileRef = 1870F89D22DCE411006D312C /* Main.storyboard */; };
		1870F8A222DCE411006D312C /* to_do_lists.xcdatamodeld in Sources */ = {isa = PBXBuildFile; fileRef = 1870F8A022DCE411006D312C /* to_do_lists.xcdatamodeld */; };
		1870F8A422DCE413006D312C /* Assets.xcassets in Resources */ = {isa = PBXBuildFile; fileRef = 1870F8A322DCE413006D312C /* Assets.xcassets */; };
		1870F8A722DCE413006D312C /* LaunchScreen.storyboard in Resources */ = {isa = PBXBuildFile; fileRef = 1870F8A522DCE413006D312C /* LaunchScreen.storyboard */; };
/* End PBXBuildFile section */

/* Begin PBXFileReference section */
		1870F89622DCE411006D312C /* to-do lists.app */ = {isa = PBXFileReference; explicitFileType = wrapper.application; includeInIndex = 0; path = "to-do lists.app"; sourceTree = BUILT_PRODUCTS_DIR; };
		1870F89922DCE411006D312C /* AppDelegate.swift */ = {isa = PBXFileReference; lastKnownFileType = sourcecode.swift; path = AppDelegate.swift; sourceTree = "<group>"; };
		1870F89B22DCE411006D312C /* ViewController.swift */ = {isa = PBXFileReference; lastKnownFileType = sourcecode.swift; path = ViewController.swift; sourceTree = "<group>"; };
		1870F89E22DCE411006D312C /* Base */ = {isa = PBXFileReference; lastKnownFileType = file.storyboard; name = Base; path = Base.lproj/Main.storyboard; sourceTree = "<group>"; };
		1870F8A122DCE411006D312C /* to_do_lists.xcdatamodel */ = {isa = PBXFileReference; lastKnownFileType = wrapper.xcdatamodel; path = to_do_lists.xcdatamodel; sourceTree = "<group>"; };
		1870F8A322DCE413006D312C /* Assets.xcassets */ = {isa = PBXFileReference; lastKnownFileType = folder.assetcatalog; path = Assets.xcassets; sourceTree = "<group>"; };
		1870F8A622DCE413006D312C /* Base */ = {isa = PBXFileReference; lastKnownFileType = file.storyboard; name = Base; path = Base.lproj/LaunchScreen.storyboard; sourceTree = "<group>"; };
		1870F8A822DCE413006D312C /* Info.plist */ = {isa = PBXFileReference; lastKnownFileType = text.plist.xml; path = Info.plist; sourceTree = "<group>"; };
/* End PBXFileReference section */

/* Begin PBXFrameworksBuildPhase section */
		1870F89322DCE411006D312C /* Frameworks */ = {
			isa = PBXFrameworksBuildPhase;
			buildActionMask = 2147483647;
			files = (
			);
			runOnlyForDeploymentPostprocessing = 0;
		};
/* End PBXFrameworksBuildPhase section */

/* Begin PBXGroup section */
		1870F88D22DCE411006D312C = {
			isa = PBXGroup;
			children = (
				1870F89822DCE411006D312C /* to-do lists */,
				1870F89722DCE411006D312C /* Products */,
			);
			sourceTree = "<group>";
		};
		1870F89722DCE411006D312C /* Products */ = {
			isa = PBXGroup;
			children = (
				1870F89622DCE411006D312C /* to-do lists.app */,
			);
			name = Products;
			sourceTree = "<group>";
		};
		1870F89822DCE411006D312C /* to-do lists */ = {
			isa = PBXGroup;
			children = (
				1870F89922DCE411006D312C /* AppDelegate.swift */,
				1870F89B22DCE411006D312C /* ViewController.swift */,
				1870F89D22DCE411006D312C /* Main.storyboard */,
				1870F8A322DCE413006D312C /* Assets.xcassets */,
				1870F8A522DCE413006D312C /* LaunchScreen.storyboard */,
				1870F8A822DCE413006D312C /* Info.plist */,
				1870F8A022DCE411006D312C /* to_do_lists.xcdatamodeld */,
			);
			path = "to-do lists";
			sourceTree = "<group>";
		};
/* End PBXGroup section */

/* Begin PBXNativeTarget section */
		1870F89522DCE411006D312C /* to-do lists */ = {
			isa = PBXNativeTarget;
			buildConfigurationList = 1870F8AB22DCE413006D312C /* Build configuration list for PBXNativeTarget "to-do lists" */;
			buildPhases = (
				1870F89222DCE411006D312C /* Sources */,
				1870F89322DCE411006D312C /* Frameworks */,
				1870F89422DCE411006D312C /* Resources */,
			);
			buildRules = (
			);
			dependencies = (
			);
			name = "to-do lists";
			productName = "to-do lists";
			productReference = 1870F89622DCE411006D312C /* to-do lists.app */;
			productType = "com.apple.product-type.application";
		};
/* End PBXNativeTarget section */

/* Begin PBXProject section */
		1870F88E22DCE411006D312C /* Project object */ = {
			isa = PBXProject;
			attributes = {
				LastSwiftUpdateCheck = 1020;
				LastUpgradeCheck = 1020;
				ORGANIZATIONNAME = Apple;
				TargetAttributes = {
					1870F89522DCE411006D312C = {
						CreatedOnToolsVersion = 10.2.1;
					};
				};
			};
			buildConfigurationList = 1870F89122DCE411006D312C /* Build configuration list for PBXProject "to-do lists" */;
			compatibilityVersion = "Xcode 9.3";
			developmentRegion = en;
			hasScannedForEncodings = 0;
			knownRegions = (
				en,
				Base,
			);
			mainGroup = 1870F88D22DCE411006D312C;
			productRefGroup = 1870F89722DCE411006D312C /* Products */;
			projectDirPath = "";
			projectRoot = "";
			targets = (
				1870F89522DCE411006D312C /* to-do lists */,
			);
		};
/* End PBXProject section */

/* Begin PBXResourcesBuildPhase section */
		1870F89422DCE411006D312C /* Resources */ = {
			isa = PBXResourcesBuildPhase;
			buildActionMask = 2147483647;
			files = (
				1870F8A722DCE413006D312C /* LaunchScreen.storyboard in Resources */,
				1870F8A422DCE413006D312C /* Assets.xcassets in Resources */,
				1870F89F22DCE411006D312C /* Main.storyboard in Resources */,
			);
			runOnlyForDeploymentPostprocessing = 0;
		};
/* End PBXResourcesBuildPhase section */

/* Begin PBXSourcesBuildPhase section */
		1870F89222DCE411006D312C /* Sources */ = {
			isa = PBXSourcesBuildPhase;
			buildActionMask = 2147483647;
			files = (
				1870F89C22DCE411006D312C /* ViewController.swift in Sources */,
				1870F8A222DCE411006D312C /* to_do_lists.xcdatamodeld in Sources */,
				1870F89A22DCE411006D312C /* AppDelegate.swift in Sources */,
			);
			runOnlyForDeploymentPostprocessing = 0;
		};
/* End PBXSourcesBuildPhase section */

/* Begin PBXVariantGroup section */
		1870F89D22DCE411006D312C /* Main.storyboard */ = {
			isa = PBXVariantGroup;
			children = (
				1870F89E22DCE411006D312C /* Base */,
			);
			name = Main.storyboard;
			sourceTree = "<group>";
		};
		1870F8A522DCE413006D312C /* LaunchScreen.storyboard */ = {
			isa = PBXVariantGroup;
			children = (
				1870F8A622DCE413006D312C /* Base */,
			);
			name = LaunchScreen.storyboard;
			sourceTree = "<group>";
		};
/* End PBXVariantGroup section */

/* Begin XCBuildConfiguration section */
		1870F8A922DCE413006D312C /* Debug */ = {
			isa = XCBuildConfiguration;
			buildSettings = {
				ALWAYS_SEARCH_USER_PATHS = NO;
				CLANG_ANALYZER_NONNULL = YES;
				CLANG_ANALYZER_NUMBER_OBJECT_CONVERSION = YES_AGGRESSIVE;
				CLANG_CXX_LANGUAGE_STANDARD = "gnu++14";
				CLANG_CXX_LIBRARY = "libc++";
				CLANG_ENABLE_MODULES = YES;
				CLANG_ENABLE_OBJC_ARC = YES;
				CLANG_ENABLE_OBJC_WEAK = YES;
				CLANG_WARN_BLOCK_CAPTURE_AUTORELEASING = YES;
				CLANG_WARN_BOOL_CONVERSION = YES;
				CLANG_WARN_COMMA = YES;
				CLANG_WARN_CONSTANT_CONVERSION = YES;
				CLANG_WARN_DEPRECATED_OBJC_IMPLEMENTATIONS = YES;
				CLANG_WARN_DIRECT_OBJC_ISA_USAGE = YES_ERROR;
				CLANG_WARN_DOCUMENTATION_COMMENTS = YES;
				CLANG_WARN_EMPTY_BODY = YES;
				CLANG_WARN_ENUM_CONVERSION = YES;
				CLANG_WARN_INFINITE_RECURSION = YES;
				CLANG_WARN_INT_CONVERSION = YES;
				CLANG_WARN_NON_LITERAL_NULL_CONVERSION = YES;
				CLANG_WARN_OBJC_IMPLICIT_RETAIN_SELF = YES;
				CLANG_WARN_OBJC_LITERAL_CONVERSION = YES;
				CLANG_WARN_OBJC_ROOT_CLASS = YES_ERROR;
				CLANG_WARN_RANGE_LOOP_ANALYSIS = YES;
				CLANG_WARN_STRICT_PROTOTYPES = YES;
				CLANG_WARN_SUSPICIOUS_MOVE = YES;
				CLANG_WARN_UNGUARDED_AVAILABILITY = YES_AGGRESSIVE;
				CLANG_WARN_UNREACHABLE_CODE = YES;
				CLANG_WARN__DUPLICATE_METHOD_MATCH = YES;
				CODE_SIGN_IDENTITY = "iPhone Developer";
				COPY_PHASE_STRIP = NO;
				DEBUG_INFORMATION_FORMAT = dwarf;
				ENABLE_STRICT_OBJC_MSGSEND = YES;
				ENABLE_TESTABILITY = YES;
				GCC_C_LANGUAGE_STANDARD = gnu11;
				GCC_DYNAMIC_NO_PIC = NO;
				GCC_NO_COMMON_BLOCKS = YES;
				GCC_OPTIMIZATION_LEVEL = 0;
				GCC_PREPROCESSOR_DEFINITIONS = (
					"DEBUG=1",
					"$(inherited)",
				);
				GCC_WARN_64_TO_32_BIT_CONVERSION = YES;
				GCC_WARN_ABOUT_RETURN_TYPE = YES_ERROR;
				GCC_WARN_UNDECLARED_SELECTOR = YES;
				GCC_WARN_UNINITIALIZED_AUTOS = YES_AGGRESSIVE;
				GCC_WARN_UNUSED_FUNCTION = YES;
				GCC_WARN_UNUSED_VARIABLE = YES;
				IPHONEOS_DEPLOYMENT_TARGET = 12.2;
				MTL_ENABLE_DEBUG_INFO = INCLUDE_SOURCE;
				MTL_FAST_MATH = YES;
				ONLY_ACTIVE_ARCH = YES;
				SDKROOT = iphoneos;
				SWIFT_ACTIVE_COMPILATION_CONDITIONS = DEBUG;
				SWIFT_OPTIMIZATION_LEVEL = "-Onone";
			};
			name = Debug;
		};
		1870F8AA22DCE413006D312C /* Release */ = {
			isa = XCBuildConfiguration;
			buildSettings = {
				ALWAYS_SEARCH_USER_PATHS = NO;
				CLANG_ANALYZER_NONNULL = YES;
				CLANG_ANALYZER_NUMBER_OBJECT_CONVERSION = YES_AGGRESSIVE;
				CLANG_CXX_LANGUAGE_STANDARD = "gnu++14";
				CLANG_CXX_LIBRARY = "libc++";
				CLANG_ENABLE_MODULES = YES;
				CLANG_ENABLE_OBJC_ARC = YES;
				CLANG_ENABLE_OBJC_WEAK = YES;
				CLANG_WARN_BLOCK_CAPTURE_AUTORELEASING = YES;
				CLANG_WARN_BOOL_CONVERSION = YES;
				CLANG_WARN_COMMA = YES;
				CLANG_WARN_CONSTANT_CONVERSION = YES;
				CLANG_WARN_DEPRECATED_OBJC_IMPLEMENTATIONS = YES;
				CLANG_WARN_DIRECT_OBJC_ISA_USAGE = YES_ERROR;
				CLANG_WARN_DOCUMENTATION_COMMENTS = YES;
				CLANG_WARN_EMPTY_BODY = YES;
				CLANG_WARN_ENUM_CONVERSION = YES;
				CLANG_WARN_INFINITE_RECURSION = YES;
				CLANG_WARN_INT_CONVERSION = YES;
				CLANG_WARN_NON_LITERAL_NULL_CONVERSION = YES;
				CLANG_WARN_OBJC_IMPLICIT_RETAIN_SELF = YES;
				CLANG_WARN_OBJC_LITERAL_CONVERSION = YES;
				CLANG_WARN_OBJC_ROOT_CLASS = YES_ERROR;
				CLANG_WARN_RANGE_LOOP_ANALYSIS = YES;
				CLANG_WARN_STRICT_PROTOTYPES = YES;
				CLANG_WARN_SUSPICIOUS_MOVE = YES;
				CLANG_WARN_UNGUARDED_AVAILABILITY = YES_AGGRESSIVE;
				CLANG_WARN_UNREACHABLE_CODE = YES;
				CLANG_WARN__DUPLICATE_METHOD_MATCH = YES;
				CODE_SIGN_IDENTITY = "iPhone Developer";
				COPY_PHASE_STRIP = NO;
				DEBUG_INFORMATION_FORMAT = "dwarf-with-dsym";
				ENABLE_NS_ASSERTIONS = NO;
				ENABLE_STRICT_OBJC_MSGSEND = YES;
				GCC_C_LANGUAGE_STANDARD = gnu11;
				GCC_NO_COMMON_BLOCKS = YES;
				GCC_WARN_64_TO_32_BIT_CONVERSION = YES;
				GCC_WARN_ABOUT_RETURN_TYPE = YES_ERROR;
				GCC_WARN_UNDECLARED_SELECTOR = YES;
				GCC_WARN_UNINITIALIZED_AUTOS = YES_AGGRESSIVE;
				GCC_WARN_UNUSED_FUNCTION = YES;
				GCC_WARN_UNUSED_VARIABLE = YES;
				IPHONEOS_DEPLOYMENT_TARGET = 12.2;
				MTL_ENABLE_DEBUG_INFO = NO;
				MTL_FAST_MATH = YES;
				SDKROOT = iphoneos;
				SWIFT_COMPILATION_MODE = wholemodule;
				SWIFT_OPTIMIZATION_LEVEL = "-O";
				VALIDATE_PRODUCT = YES;
			};
			name = Release;
		};
		1870F8AC22DCE413006D312C /* Debug */ = {
			isa = XCBuildConfiguration;
			buildSettings = {
				ASSETCATALOG_COMPILER_APPICON_NAME = AppIcon;
				CODE_SIGN_STYLE = Automatic;
				DEVELOPMENT_TEAM = JTLHZ6KC9B;
				INFOPLIST_FILE = "to-do lists/Info.plist";
				LD_RUNPATH_SEARCH_PATHS = (
					"$(inherited)",
					"@executable_path/Frameworks",
				);
				PRODUCT_BUNDLE_IDENTIFIER = "MM.to-do-lists";
				PRODUCT_NAME = "$(TARGET_NAME)";
				SWIFT_VERSION = 5.0;
				TARGETED_DEVICE_FAMILY = "1,2";
			};
			name = Debug;
		};
		1870F8AD22DCE413006D312C /* Release */ = {
			isa = XCBuildConfiguration;
			buildSettings = {
				ASSETCATALOG_COMPILER_APPICON_NAME = AppIcon;
				CODE_SIGN_STYLE = Automatic;
				DEVELOPMENT_TEAM = JTLHZ6KC9B;
				INFOPLIST_FILE = "to-do lists/Info.plist";
				LD_RUNPATH_SEARCH_PATHS = (
					"$(inherited)",
					"@executable_path/Frameworks",
				);
				PRODUCT_BUNDLE_IDENTIFIER = "MM.to-do-lists";
				PRODUCT_NAME = "$(TARGET_NAME)";
				SWIFT_VERSION = 5.0;
				TARGETED_DEVICE_FAMILY = "1,2";
			};
			name = Release;
		};
/* End XCBuildConfiguration section */

/* Begin XCConfigurationList section */
		1870F89122DCE411006D312C /* Build configuration list for PBXProject "to-do lists" */ = {
			isa = XCConfigurationList;
			buildConfigurations = (
				1870F8A922DCE413006D312C /* Debug */,
				1870F8AA22DCE413006D312C /* Release */,
			);
			defaultConfigurationIsVisible = 0;
			defaultConfigurationName = Release;
		};
		1870F8AB22DCE413006D312C /* Build configuration list for PBXNativeTarget "to-do lists" */ = {
			isa = XCConfigurationList;
			buildConfigurations = (
				1870F8AC22DCE413006D312C /* Debug */,
				1870F8AD22DCE413006D312C /* Release */,
			);
			defaultConfigurationIsVisible = 0;
			defaultConfigurationName = Release;
		};
/* End XCConfigurationList section */

/* Begin XCVersionGroup section */
		1870F8A022DCE411006D312C /* to_do_lists.xcdatamodeld */ = {
			isa = XCVersionGroup;
			children = (
				1870F8A122DCE411006D312C /* to_do_lists.xcdatamodel */,
			);
			currentVersion = 1870F8A122DCE411006D312C /* to_do_lists.xcdatamodel */;
			path = to_do_lists.xcdatamodeld;
			sourceTree = "<group>";
			versionGroupType = wrapper.xcdatamodel;
		};
/* End XCVersionGroup section */
	};
	rootObject = 1870F88E22DCE411006D312C /* Project object */;
}
